
Microsoft Visual Studio Solution File, Format Version 12.00
# Visual Studio Version 17
VisualStudioVersion = 17.3.32825.248
MinimumVisualStudioVersion = 10.0.40219.1
Project("{FAE04EC0-301F-11D3-BF4B-00C04F79EFBC}") = "leethium050ra", "leethium050ra\leethium050ra.csproj", "{E1C6387F-D0D9-4551-9060-CBC6FE06F3A6}"
EndProject
Global
	GlobalSection(SolutionConfigurationPlatforms) = preSolution
		Debug|Any CPU = Debug|Any CPU
		Release|Any CPU = Release|Any CPU
	EndGlobalSection
	GlobalSection(ProjectConfigurationPlatforms) = postSolution
		{E1C6387F-D0D9-4551-9060-CBC6FE06F3A6}.Debug|Any CPU.ActiveCfg = Debug|Any CPU
		{E1C6387F-D0D9-4551-9060-CBC6FE06F3A6}.Debug|Any CPU.Build.0 = Debug|Any CPU
		{E1C6387F-D0D9-4551-9060-CBC6FE06F3A6}.Release|Any CPU.ActiveCfg = Release|Any CPU
		{E1C6387F-D0D9-4551-9060-CBC6FE06F3A6}.Release|Any CPU.Build.0 = Release|Any CPU
	EndGlobalSection
	GlobalSection(SolutionProperties) = preSolution
		HideSolutionNode = FALSE
	EndGlobalSection
	GlobalSection(ExtensibilityGlobals) = postSolution
		SolutionGuid = {E3DB6F61-DF8F-4C28-8BE9-5996EAC3AE11}
	EndGlobalSection
EndGlobal
